
Microsoft Visual Studio Solution File, Format Version 12.00
# Visual Studio Version 16
VisualStudioVersion = 16.0.29025.244
MinimumVisualStudioVersion = 10.0.40219.1
Project("{FAE04EC0-301F-11D3-BF4B-00C04F79EFBC}") = "calculo_imc", "calculo_imc\calculo_imc.csproj", "{DF171CE8-3940-4DB0-BDFF-229A2358D298}"
EndProject
Global
	GlobalSection(SolutionConfigurationPlatforms) = preSolution
		Debug|Any CPU = Debug|Any CPU
		Release|Any CPU = Release|Any CPU
	EndGlobalSection
	GlobalSection(ProjectConfigurationPlatforms) = postSolution
		{DF171CE8-3940-4DB0-BDFF-229A2358D298}.Debug|Any CPU.ActiveCfg = Debug|Any CPU
		{DF171CE8-3940-4DB0-BDFF-229A2358D298}.Debug|Any CPU.Build.0 = Debug|Any CPU
		{DF171CE8-3940-4DB0-BDFF-229A2358D298}.Release|Any CPU.ActiveCfg = Release|Any CPU
		{DF171CE8-3940-4DB0-BDFF-229A2358D298}.Release|Any CPU.Build.0 = Release|Any CPU
	EndGlobalSection
	GlobalSection(SolutionProperties) = preSolution
		HideSolutionNode = FALSE
	EndGlobalSection
	GlobalSection(ExtensibilityGlobals) = postSolution
		SolutionGuid = {79FF7101-5814-46DE-8145-35E1190AB75A}
	EndGlobalSection
EndGlobal
